
Microsoft Visual Studio Solution File, Format Version 12.00
# Visual Studio Version 16
VisualStudioVersion = 16.0.31624.102
MinimumVisualStudioVersion = 10.0.40219.1
Project("{FAE04EC0-301F-11D3-BF4B-00C04F79EFBC}") = "MoneyHoneyApp.Android", "MoneyHoneyApp.Android\MoneyHoneyApp.Android.csproj", "{15E24D9E-D7CC-462E-9C68-F2625991A9ED}"
EndProject
Project("{FAE04EC0-301F-11D3-BF4B-00C04F79EFBC}") = "MoneyHoneyApp.iOS", "MoneyHoneyApp.iOS\MoneyHoneyApp.iOS.csproj", "{764F67E0-B61E-4087-A134-752A9A7D95AB}"
EndProject
Project("{FAE04EC0-301F-11D3-BF4B-00C04F79EFBC}") = "MoneyHoneyApp", "MoneyHoneyApp\MoneyHoneyApp.csproj", "{AE6A388A-8A56-4365-A5E0-2EC2E2773A88}"
EndProject
Global
	GlobalSection(SolutionConfigurationPlatforms) = preSolution
		Debug|Any CPU = Debug|Any CPU
		Debug|iPhone = Debug|iPhone
		Debug|iPhoneSimulator = Debug|iPhoneSimulator
		Release|Any CPU = Release|Any CPU
		Release|iPhone = Release|iPhone
		Release|iPhoneSimulator = Release|iPhoneSimulator
	EndGlobalSection
	GlobalSection(ProjectConfigurationPlatforms) = postSolution
		{15E24D9E-D7CC-462E-9C68-F2625991A9ED}.Debug|Any CPU.ActiveCfg = Debug|Any CPU
		{15E24D9E-D7CC-462E-9C68-F2625991A9ED}.Debug|Any CPU.Build.0 = Debug|Any CPU
		{15E24D9E-D7CC-462E-9C68-F2625991A9ED}.Debug|Any CPU.Deploy.0 = Debug|Any CPU
		{15E24D9E-D7CC-462E-9C68-F2625991A9ED}.Debug|iPhone.ActiveCfg = Debug|Any CPU
		{15E24D9E-D7CC-462E-9C68-F2625991A9ED}.Debug|iPhone.Build.0 = Debug|Any CPU
		{15E24D9E-D7CC-462E-9C68-F2625991A9ED}.Debug|iPhone.Deploy.0 = Debug|Any CPU
		{15E24D9E-D7CC-462E-9C68-F2625991A9ED}.Debug|iPhoneSimulator.ActiveCfg = Debug|Any CPU
		{15E24D9E-D7CC-462E-9C68-F2625991A9ED}.Debug|iPhoneSimulator.Build.0 = Debug|Any CPU
		{15E24D9E-D7CC-462E-9C68-F2625991A9ED}.Debug|iPhoneSimulator.Deploy.0 = Debug|Any CPU
		{15E24D9E-D7CC-462E-9C68-F2625991A9ED}.Release|Any CPU.ActiveCfg = Release|Any CPU
		{15E24D9E-D7CC-462E-9C68-F2625991A9ED}.Release|Any CPU.Build.0 = Release|Any CPU
		{15E24D9E-D7CC-462E-9C68-F2625991A9ED}.Release|Any CPU.Deploy.0 = Release|Any CPU
		{15E24D9E-D7CC-462E-9C68-F2625991A9ED}.Release|iPhone.ActiveCfg = Release|Any CPU
		{15E24D9E-D7CC-462E-9C68-F2625991A9ED}.Release|iPhone.Build.0 = Release|Any CPU
		{15E24D9E-D7CC-462E-9C68-F2625991A9ED}.Release|iPhone.Deploy.0 = Release|Any CPU
		{15E24D9E-D7CC-462E-9C68-F2625991A9ED}.Release|iPhoneSimulator.ActiveCfg = Release|Any CPU
		{15E24D9E-D7CC-462E-9C68-F2625991A9ED}.Release|iPhoneSimulator.Build.0 = Release|Any CPU
		{15E24D9E-D7CC-462E-9C68-F2625991A9ED}.Release|iPhoneSimulator.Deploy.0 = Release|Any CPU
		{764F67E0-B61E-4087-A134-752A9A7D95AB}.Debug|Any CPU.ActiveCfg = Debug|iPhone
		{764F67E0-B61E-4087-A134-752A9A7D95AB}.Debug|Any CPU.Build.0 = Debug|iPhone
		{764F67E0-B61E-4087-A134-752A9A7D95AB}.Debug|Any CPU.Deploy.0 = Debug|iPhone
		{764F67E0-B61E-4087-A134-752A9A7D95AB}.Debug|iPhone.ActiveCfg = Debug|iPhone
		{764F67E0-B61E-4087-A134-752A9A7D95AB}.Debug|iPhone.Build.0 = Debug|iPhone
		{764F67E0-B61E-4087-A134-752A9A7D95AB}.Debug|iPhone.Deploy.0 = Debug|iPhone
		{764F67E0-B61E-4087-A134-752A9A7D95AB}.Debug|iPhoneSimulator.ActiveCfg = Debug|iPhoneSimulator
		{764F67E0-B61E-4087-A134-752A9A7D95AB}.Debug|iPhoneSimulator.Build.0 = Debug|iPhoneSimulator
		{764F67E0-B61E-4087-A134-752A9A7D95AB}.Debug|iPhoneSimulator.Deploy.0 = Debug|iPhoneSimulator
		{764F67E0-B61E-4087-A134-752A9A7D95AB}.Release|Any CPU.ActiveCfg = Release|iPhoneSimulator
		{764F67E0-B61E-4087-A134-752A9A7D95AB}.Release|Any CPU.Build.0 = Release|iPhoneSimulator
		{764F67E0-B61E-4087-A134-752A9A7D95AB}.Release|Any CPU.Deploy.0 = Release|iPhoneSimulator
		{764F67E0-B61E-4087-A134-752A9A7D95AB}.Release|iPhone.ActiveCfg = Release|iPhone
		{764F67E0-B61E-4087-A134-752A9A7D95AB}.Release|iPhone.Build.0 = Release|iPhone
		{764F67E0-B61E-4087-A134-752A9A7D95AB}.Release|iPhone.Deploy.0 = Release|iPhone
		{764F67E0-B61E-4087-A134-752A9A7D95AB}.Release|iPhoneSimulator.ActiveCfg = Release|iPhoneSimulator
		{764F67E0-B61E-4087-A134-752A9A7D95AB}.Release|iPhoneSimulator.Build.0 = Release|iPhoneSimulator
		{764F67E0-B61E-4087-A134-752A9A7D95AB}.Release|iPhoneSimulator.Deploy.0 = Release|iPhoneSimulator
		{AE6A388A-8A56-4365-A5E0-2EC2E2773A88}.Debug|Any CPU.ActiveCfg = Debug|Any CPU
		{AE6A388A-8A56-4365-A5E0-2EC2E2773A88}.Debug|Any CPU.Build.0 = Debug|Any CPU
		{AE6A388A-8A56-4365-A5E0-2EC2E2773A88}.Debug|Any CPU.Deploy.0 = Debug|Any CPU
		{AE6A388A-8A56-4365-A5E0-2EC2E2773A88}.Debug|iPhone.ActiveCfg = Debug|Any CPU
		{AE6A388A-8A56-4365-A5E0-2EC2E2773A88}.Debug|iPhone.Build.0 = Debug|Any CPU
		{AE6A388A-8A56-4365-A5E0-2EC2E2773A88}.Debug|iPhone.Deploy.0 = Debug|Any CPU
		{AE6A388A-8A56-4365-A5E0-2EC2E2773A88}.Debug|iPhoneSimulator.ActiveCfg = Debug|Any CPU
		{AE6A388A-8A56-4365-A5E0-2EC2E2773A88}.Debug|iPhoneSimulator.Build.0 = Debug|Any CPU
		{AE6A388A-8A56-4365-A5E0-2EC2E2773A88}.Debug|iPhoneSimulator.Deploy.0 = Debug|Any CPU
		{AE6A388A-8A56-4365-A5E0-2EC2E2773A88}.Release|Any CPU.ActiveCfg = Release|Any CPU
		{AE6A388A-8A56-4365-A5E0-2EC2E2773A88}.Release|Any CPU.Build.0 = Release|Any CPU
		{AE6A388A-8A56-4365-A5E0-2EC2E2773A88}.Release|Any CPU.Deploy.0 = Release|Any CPU
		{AE6A388A-8A56-4365-A5E0-2EC2E2773A88}.Release|iPhone.ActiveCfg = Release|Any CPU
		{AE6A388A-8A56-4365-A5E0-2EC2E2773A88}.Release|iPhone.Build.0 = Release|Any CPU
		{AE6A388A-8A56-4365-A5E0-2EC2E2773A88}.Release|iPhone.Deploy.0 = Release|Any CPU
		{AE6A388A-8A56-4365-A5E0-2EC2E2773A88}.Release|iPhoneSimulator.ActiveCfg = Release|Any CPU
		{AE6A388A-8A56-4365-A5E0-2EC2E2773A88}.Release|iPhoneSimulator.Build.0 = Release|Any CPU
		{AE6A388A-8A56-4365-A5E0-2EC2E2773A88}.Release|iPhoneSimulator.Deploy.0 = Release|Any CPU
	EndGlobalSection
	GlobalSection(SolutionProperties) = preSolution
		HideSolutionNode = FALSE
	EndGlobalSection
	GlobalSection(ExtensibilityGlobals) = postSolution
		SolutionGuid = {E3B683AC-A79C-436B-B6DB-DCC5FE5B1384}
	EndGlobalSection
EndGlobal
